// !$*UTF8*$!
{
	archiveVersion = 1;
	classes = {
	};
	objectVersion = 51;
	objects = {

/* Begin PBXBuildFile section */
		A1C52A8F932FC425A8CF7F40 /* Pods_Weather_App.framework in Frameworks */ = {isa = PBXBuildFile; fileRef = 6D9F9A7D33B67ADD188CBD64 /* Pods_Weather_App.framework */; };
		CA6DA708DC6099013BF1A677 /* Pods_Weather_AppUITests.framework in Frameworks */ = {isa = PBXBuildFile; fileRef = 22965A17BE8911054DA0C14C /* Pods_Weather_AppUITests.framework */; };
		E88EEA352304062500A3C612 /* AppDelegate.swift in Sources */ = {isa = PBXBuildFile; fileRef = E88EEA342304062500A3C612 /* AppDelegate.swift */; };
		E88EEA372304062500A3C612 /* ViewController.swift in Sources */ = {isa = PBXBuildFile; fileRef = E88EEA362304062500A3C612 /* ViewController.swift */; };
		E88EEA3A2304062500A3C612 /* Main.storyboard in Resources */ = {isa = PBXBuildFile; fileRef = E88EEA382304062500A3C612 /* Main.storyboard */; };
		E88EEA3C2304062600A3C612 /* Assets.xcassets in Resources */ = {isa = PBXBuildFile; fileRef = E88EEA3B2304062600A3C612 /* Assets.xcassets */; };
		E88EEA3F2304062600A3C612 /* LaunchScreen.storyboard in Resources */ = {isa = PBXBuildFile; fileRef = E88EEA3D2304062600A3C612 /* LaunchScreen.storyboard */; };
		E88EEA4A2304062600A3C612 /* Weather_AppTests.swift in Sources */ = {isa = PBXBuildFile; fileRef = E88EEA492304062600A3C612 /* Weather_AppTests.swift */; };
		E88EEA552304062600A3C612 /* Weather_AppUITests.swift in Sources */ = {isa = PBXBuildFile; fileRef = E88EEA542304062600A3C612 /* Weather_AppUITests.swift */; };
		E8A5D540230D519400484158 /* 04n.png in Resources */ = {isa = PBXBuildFile; fileRef = E8A5D52E230D519200484158 /* 04n.png */; };
		E8A5D541230D519400484158 /* 11n.png in Resources */ = {isa = PBXBuildFile; fileRef = E8A5D52F230D519200484158 /* 11n.png */; };
		E8A5D542230D519400484158 /* 13n.png in Resources */ = {isa = PBXBuildFile; fileRef = E8A5D530230D519200484158 /* 13n.png */; };
		E8A5D543230D519400484158 /* 09d.png in Resources */ = {isa = PBXBuildFile; fileRef = E8A5D531230D519200484158 /* 09d.png */; };
		E8A5D544230D519400484158 /* 13d.png in Resources */ = {isa = PBXBuildFile; fileRef = E8A5D532230D519200484158 /* 13d.png */; };
		E8A5D545230D519400484158 /* 02n.png in Resources */ = {isa = PBXBuildFile; fileRef = E8A5D533230D519200484158 /* 02n.png */; };
		E8A5D546230D519400484158 /* 10d.png in Resources */ = {isa = PBXBuildFile; fileRef = E8A5D534230D519200484158 /* 10d.png */; };
		E8A5D547230D519400484158 /* 50n.png in Resources */ = {isa = PBXBuildFile; fileRef = E8A5D535230D519300484158 /* 50n.png */; };
		E8A5D548230D519400484158 /* 03n.png in Resources */ = {isa = PBXBuildFile; fileRef = E8A5D536230D519300484158 /* 03n.png */; };
		E8A5D549230D519400484158 /* 09n.png in Resources */ = {isa = PBXBuildFile; fileRef = E8A5D537230D519300484158 /* 09n.png */; };
		E8A5D54A230D519400484158 /* 01n.png in Resources */ = {isa = PBXBuildFile; fileRef = E8A5D538230D519300484158 /* 01n.png */; };
		E8A5D54B230D519400484158 /* 11d.png in Resources */ = {isa = PBXBuildFile; fileRef = E8A5D539230D519300484158 /* 11d.png */; };
		E8A5D54C230D519400484158 /* 10n.png in Resources */ = {isa = PBXBuildFile; fileRef = E8A5D53A230D519300484158 /* 10n.png */; };
		E8A5D54D230D519400484158 /* 02d.png in Resources */ = {isa = PBXBuildFile; fileRef = E8A5D53B230D519300484158 /* 02d.png */; };
		E8A5D54E230D519400484158 /* 01d.png in Resources */ = {isa = PBXBuildFile; fileRef = E8A5D53C230D519400484158 /* 01d.png */; };
		E8A5D54F230D519400484158 /* 50d.png in Resources */ = {isa = PBXBuildFile; fileRef = E8A5D53D230D519400484158 /* 50d.png */; };
		E8A5D550230D519400484158 /* 04d.png in Resources */ = {isa = PBXBuildFile; fileRef = E8A5D53E230D519400484158 /* 04d.png */; };
		E8A5D551230D519400484158 /* 03d.png in Resources */ = {isa = PBXBuildFile; fileRef = E8A5D53F230D519400484158 /* 03d.png */; };
		E8AAE13323262D0E00446391 /* HomeViewModel.swift in Sources */ = {isa = PBXBuildFile; fileRef = E8AAE13223262D0E00446391 /* HomeViewModel.swift */; };
		E8AAE13523262E2100446391 /* WeatherAppDataModel.swift in Sources */ = {isa = PBXBuildFile; fileRef = E8AAE13423262E2100446391 /* WeatherAppDataModel.swift */; };
		E8AAE13723262EC600446391 /* WeatherAppServices.swift in Sources */ = {isa = PBXBuildFile; fileRef = E8AAE13623262EC600446391 /* WeatherAppServices.swift */; };
		E8AAE1392327700600446391 /* WeatherForecastViewController.swift in Sources */ = {isa = PBXBuildFile; fileRef = E8AAE1382327700600446391 /* WeatherForecastViewController.swift */; };
		E8AAE13F2327B4CF00446391 /* WeeklyWeatherCell.swift in Sources */ = {isa = PBXBuildFile; fileRef = E8AAE13D2327B4CF00446391 /* WeeklyWeatherCell.swift */; };
		E8AAE1402327B4CF00446391 /* WeeklyWeatherCell.xib in Resources */ = {isa = PBXBuildFile; fileRef = E8AAE13E2327B4CF00446391 /* WeeklyWeatherCell.xib */; };
		E8AAE1892328E75000446391 /* DayViewController.swift in Sources */ = {isa = PBXBuildFile; fileRef = E8AAE1882328E75000446391 /* DayViewController.swift */; };
		E8AAE18B2328E76200446391 /* WeekViewController.swift in Sources */ = {isa = PBXBuildFile; fileRef = E8AAE18A2328E76200446391 /* WeekViewController.swift */; };
		E8AAE18D2328F16A00446391 /* DayViewModel.swift in Sources */ = {isa = PBXBuildFile; fileRef = E8AAE18C2328F16A00446391 /* DayViewModel.swift */; };
		E8AAE18F2328F17D00446391 /* WeekViewModel.swift in Sources */ = {isa = PBXBuildFile; fileRef = E8AAE18E2328F17D00446391 /* WeekViewModel.swift */; };
		F53FB6D16B4A73E91EFD7DE3 /* Pods_Weather_AppTests.framework in Frameworks */ = {isa = PBXBuildFile; fileRef = 18687A73DB4C0C664423400C /* Pods_Weather_AppTests.framework */; };
/* End PBXBuildFile section */

/* Begin PBXContainerItemProxy section */
		E88EEA462304062600A3C612 /* PBXContainerItemProxy */ = {
			isa = PBXContainerItemProxy;
			containerPortal = E88EEA292304062500A3C612 /* Project object */;
			proxyType = 1;
			remoteGlobalIDString = E88EEA302304062500A3C612;
			remoteInfo = "Weather App";
		};
		E88EEA512304062600A3C612 /* PBXContainerItemProxy */ = {
			isa = PBXContainerItemProxy;
			containerPortal = E88EEA292304062500A3C612 /* Project object */;
			proxyType = 1;
			remoteGlobalIDString = E88EEA302304062500A3C612;
			remoteInfo = "Weather App";
		};
/* End PBXContainerItemProxy section */

/* Begin PBXFileReference section */
		0CAF24CF084E7375EB3397BB /* Pods-Weather App.debug.xcconfig */ = {isa = PBXFileReference; includeInIndex = 1; lastKnownFileType = text.xcconfig; name = "Pods-Weather App.debug.xcconfig"; path = "Target Support Files/Pods-Weather App/Pods-Weather App.debug.xcconfig"; sourceTree = "<group>"; };
		18687A73DB4C0C664423400C /* Pods_Weather_AppTests.framework */ = {isa = PBXFileReference; explicitFileType = wrapper.framework; includeInIndex = 0; path = Pods_Weather_AppTests.framework; sourceTree = BUILT_PRODUCTS_DIR; };
		22965A17BE8911054DA0C14C /* Pods_Weather_AppUITests.framework */ = {isa = PBXFileReference; explicitFileType = wrapper.framework; includeInIndex = 0; path = Pods_Weather_AppUITests.framework; sourceTree = BUILT_PRODUCTS_DIR; };
		3FAA638B4DB19B9F18CF602A /* Pods-Weather AppTests.debug.xcconfig */ = {isa = PBXFileReference; includeInIndex = 1; lastKnownFileType = text.xcconfig; name = "Pods-Weather AppTests.debug.xcconfig"; path = "Target Support Files/Pods-Weather AppTests/Pods-Weather AppTests.debug.xcconfig"; sourceTree = "<group>"; };
		54AC44379B2889E50BAA78E8 /* Pods-Weather AppTests.release.xcconfig */ = {isa = PBXFileReference; includeInIndex = 1; lastKnownFileType = text.xcconfig; name = "Pods-Weather AppTests.release.xcconfig"; path = "Target Support Files/Pods-Weather AppTests/Pods-Weather AppTests.release.xcconfig"; sourceTree = "<group>"; };
		6D9F9A7D33B67ADD188CBD64 /* Pods_Weather_App.framework */ = {isa = PBXFileReference; explicitFileType = wrapper.framework; includeInIndex = 0; path = Pods_Weather_App.framework; sourceTree = BUILT_PRODUCTS_DIR; };
		C11B87315A7D1408C366D6B4 /* Pods-Weather AppUITests.debug.xcconfig */ = {isa = PBXFileReference; includeInIndex = 1; lastKnownFileType = text.xcconfig; name = "Pods-Weather AppUITests.debug.xcconfig"; path = "Target Support Files/Pods-Weather AppUITests/Pods-Weather AppUITests.debug.xcconfig"; sourceTree = "<group>"; };
		C8319328AA2A86D9E2F94E3D /* Pods-Weather App.release.xcconfig */ = {isa = PBXFileReference; includeInIndex = 1; lastKnownFileType = text.xcconfig; name = "Pods-Weather App.release.xcconfig"; path = "Target Support Files/Pods-Weather App/Pods-Weather App.release.xcconfig"; sourceTree = "<group>"; };
		E88EEA312304062500A3C612 /* Weather App.app */ = {isa = PBXFileReference; explicitFileType = wrapper.application; includeInIndex = 0; path = "Weather App.app"; sourceTree = BUILT_PRODUCTS_DIR; };
		E88EEA342304062500A3C612 /* AppDelegate.swift */ = {isa = PBXFileReference; lastKnownFileType = sourcecode.swift; path = AppDelegate.swift; sourceTree = "<group>"; };
		E88EEA362304062500A3C612 /* ViewController.swift */ = {isa = PBXFileReference; lastKnownFileType = sourcecode.swift; path = ViewController.swift; sourceTree = "<group>"; };
		E88EEA392304062500A3C612 /* Base */ = {isa = PBXFileReference; lastKnownFileType = file.storyboard; name = Base; path = Base.lproj/Main.storyboard; sourceTree = "<group>"; };
		E88EEA3B2304062600A3C612 /* Assets.xcassets */ = {isa = PBXFileReference; lastKnownFileType = folder.assetcatalog; path = Assets.xcassets; sourceTree = "<group>"; };
		E88EEA3E2304062600A3C612 /* Base */ = {isa = PBXFileReference; lastKnownFileType = file.storyboard; name = Base; path = Base.lproj/LaunchScreen.storyboard; sourceTree = "<group>"; };
		E88EEA402304062600A3C612 /* Info.plist */ = {isa = PBXFileReference; lastKnownFileType = text.plist.xml; path = Info.plist; sourceTree = "<group>"; };
		E88EEA452304062600A3C612 /* Weather AppTests.xctest */ = {isa = PBXFileReference; explicitFileType = wrapper.cfbundle; includeInIndex = 0; path = "Weather AppTests.xctest"; sourceTree = BUILT_PRODUCTS_DIR; };
		E88EEA492304062600A3C612 /* Weather_AppTests.swift */ = {isa = PBXFileReference; lastKnownFileType = sourcecode.swift; path = Weather_AppTests.swift; sourceTree = "<group>"; };
		E88EEA4B2304062600A3C612 /* Info.plist */ = {isa = PBXFileReference; lastKnownFileType = text.plist.xml; path = Info.plist; sourceTree = "<group>"; };
		E88EEA502304062600A3C612 /* Weather AppUITests.xctest */ = {isa = PBXFileReference; explicitFileType = wrapper.cfbundle; includeInIndex = 0; path = "Weather AppUITests.xctest"; sourceTree = BUILT_PRODUCTS_DIR; };
		E88EEA542304062600A3C612 /* Weather_AppUITests.swift */ = {isa = PBXFileReference; lastKnownFileType = sourcecode.swift; path = Weather_AppUITests.swift; sourceTree = "<group>"; };
		E88EEA562304062600A3C612 /* Info.plist */ = {isa = PBXFileReference; lastKnownFileType = text.plist.xml; path = Info.plist; sourceTree = "<group>"; };
		E8A5D52E230D519200484158 /* 04n.png */ = {isa = PBXFileReference; lastKnownFileType = image.png; path = 04n.png; sourceTree = "<group>"; };
		E8A5D52F230D519200484158 /* 11n.png */ = {isa = PBXFileReference; lastKnownFileType = image.png; path = 11n.png; sourceTree = "<group>"; };
		E8A5D530230D519200484158 /* 13n.png */ = {isa = PBXFileReference; lastKnownFileType = image.png; path = 13n.png; sourceTree = "<group>"; };
		E8A5D531230D519200484158 /* 09d.png */ = {isa = PBXFileReference; lastKnownFileType = image.png; path = 09d.png; sourceTree = "<group>"; };
		E8A5D532230D519200484158 /* 13d.png */ = {isa = PBXFileReference; lastKnownFileType = image.png; path = 13d.png; sourceTree = "<group>"; };
		E8A5D533230D519200484158 /* 02n.png */ = {isa = PBXFileReference; lastKnownFileType = image.png; path = 02n.png; sourceTree = "<group>"; };
		E8A5D534230D519200484158 /* 10d.png */ = {isa = PBXFileReference; lastKnownFileType = image.png; path = 10d.png; sourceTree = "<group>"; };
		E8A5D535230D519300484158 /* 50n.png */ = {isa = PBXFileReference; lastKnownFileType = image.png; path = 50n.png; sourceTree = "<group>"; };
		E8A5D536230D519300484158 /* 03n.png */ = {isa = PBXFileReference; lastKnownFileType = image.png; path = 03n.png; sourceTree = "<group>"; };
		E8A5D537230D519300484158 /* 09n.png */ = {isa = PBXFileReference; lastKnownFileType = image.png; path = 09n.png; sourceTree = "<group>"; };
		E8A5D538230D519300484158 /* 01n.png */ = {isa = PBXFileReference; lastKnownFileType = image.png; path = 01n.png; sourceTree = "<group>"; };
		E8A5D539230D519300484158 /* 11d.png */ = {isa = PBXFileReference; lastKnownFileType = image.png; path = 11d.png; sourceTree = "<group>"; };
		E8A5D53A230D519300484158 /* 10n.png */ = {isa = PBXFileReference; lastKnownFileType = image.png; path = 10n.png; sourceTree = "<group>"; };
		E8A5D53B230D519300484158 /* 02d.png */ = {isa = PBXFileReference; lastKnownFileType = image.png; path = 02d.png; sourceTree = "<group>"; };
		E8A5D53C230D519400484158 /* 01d.png */ = {isa = PBXFileReference; lastKnownFileType = image.png; path = 01d.png; sourceTree = "<group>"; };
		E8A5D53D230D519400484158 /* 50d.png */ = {isa = PBXFileReference; lastKnownFileType = image.png; path = 50d.png; sourceTree = "<group>"; };
		E8A5D53E230D519400484158 /* 04d.png */ = {isa = PBXFileReference; lastKnownFileType = image.png; path = 04d.png; sourceTree = "<group>"; };
		E8A5D53F230D519400484158 /* 03d.png */ = {isa = PBXFileReference; lastKnownFileType = image.png; path = 03d.png; sourceTree = "<group>"; };
		E8AAE13223262D0E00446391 /* HomeViewModel.swift */ = {isa = PBXFileReference; lastKnownFileType = sourcecode.swift; path = HomeViewModel.swift; sourceTree = "<group>"; };
		E8AAE13423262E2100446391 /* WeatherAppDataModel.swift */ = {isa = PBXFileReference; lastKnownFileType = sourcecode.swift; path = WeatherAppDataModel.swift; sourceTree = "<group>"; };
		E8AAE13623262EC600446391 /* WeatherAppServices.swift */ = {isa = PBXFileReference; lastKnownFileType = sourcecode.swift; path = WeatherAppServices.swift; sourceTree = "<group>"; };
		E8AAE1382327700600446391 /* WeatherForecastViewController.swift */ = {isa = PBXFileReference; lastKnownFileType = sourcecode.swift; path = WeatherForecastViewController.swift; sourceTree = "<group>"; };
		E8AAE13D2327B4CF00446391 /* WeeklyWeatherCell.swift */ = {isa = PBXFileReference; lastKnownFileType = sourcecode.swift; path = WeeklyWeatherCell.swift; sourceTree = "<group>"; };
		E8AAE13E2327B4CF00446391 /* WeeklyWeatherCell.xib */ = {isa = PBXFileReference; lastKnownFileType = file.xib; path = WeeklyWeatherCell.xib; sourceTree = "<group>"; };
		E8AAE1882328E75000446391 /* DayViewController.swift */ = {isa = PBXFileReference; lastKnownFileType = sourcecode.swift; path = DayViewController.swift; sourceTree = "<group>"; };
		E8AAE18A2328E76200446391 /* WeekViewController.swift */ = {isa = PBXFileReference; lastKnownFileType = sourcecode.swift; path = WeekViewController.swift; sourceTree = "<group>"; };
		E8AAE18C2328F16A00446391 /* DayViewModel.swift */ = {isa = PBXFileReference; lastKnownFileType = sourcecode.swift; path = DayViewModel.swift; sourceTree = "<group>"; };
		E8AAE18E2328F17D00446391 /* WeekViewModel.swift */ = {isa = PBXFileReference; lastKnownFileType = sourcecode.swift; path = WeekViewModel.swift; sourceTree = "<group>"; };
		FDB60837966A83C609F42C8F /* Pods-Weather AppUITests.release.xcconfig */ = {isa = PBXFileReference; includeInIndex = 1; lastKnownFileType = text.xcconfig; name = "Pods-Weather AppUITests.release.xcconfig"; path = "Target Support Files/Pods-Weather AppUITests/Pods-Weather AppUITests.release.xcconfig"; sourceTree = "<group>"; };
/* End PBXFileReference section */

/* Begin PBXFrameworksBuildPhase section */
		E88EEA2E2304062500A3C612 /* Frameworks */ = {
			isa = PBXFrameworksBuildPhase;
			buildActionMask = 2147483647;
			files = (
				A1C52A8F932FC425A8CF7F40 /* Pods_Weather_App.framework in Frameworks */,
			);
			runOnlyForDeploymentPostprocessing = 0;
		};
		E88EEA422304062600A3C612 /* Frameworks */ = {
			isa = PBXFrameworksBuildPhase;
			buildActionMask = 2147483647;
			files = (
				F53FB6D16B4A73E91EFD7DE3 /* Pods_Weather_AppTests.framework in Frameworks */,
			);
			runOnlyForDeploymentPostprocessing = 0;
		};
		E88EEA4D2304062600A3C612 /* Frameworks */ = {
			isa = PBXFrameworksBuildPhase;
			buildActionMask = 2147483647;
			files = (
				CA6DA708DC6099013BF1A677 /* Pods_Weather_AppUITests.framework in Frameworks */,
			);
			runOnlyForDeploymentPostprocessing = 0;
		};
/* End PBXFrameworksBuildPhase section */

/* Begin PBXGroup section */
		13F44887D25C9FDF7639E54A /* Pods */ = {
			isa = PBXGroup;
			children = (
				0CAF24CF084E7375EB3397BB /* Pods-Weather App.debug.xcconfig */,
				C8319328AA2A86D9E2F94E3D /* Pods-Weather App.release.xcconfig */,
				3FAA638B4DB19B9F18CF602A /* Pods-Weather AppTests.debug.xcconfig */,
				54AC44379B2889E50BAA78E8 /* Pods-Weather AppTests.release.xcconfig */,
				C11B87315A7D1408C366D6B4 /* Pods-Weather AppUITests.debug.xcconfig */,
				FDB60837966A83C609F42C8F /* Pods-Weather AppUITests.release.xcconfig */,
			);
			path = Pods;
			sourceTree = "<group>";
		};
		962D667186C600ED0A708A06 /* Frameworks */ = {
			isa = PBXGroup;
			children = (
				6D9F9A7D33B67ADD188CBD64 /* Pods_Weather_App.framework */,
				18687A73DB4C0C664423400C /* Pods_Weather_AppTests.framework */,
				22965A17BE8911054DA0C14C /* Pods_Weather_AppUITests.framework */,
			);
			name = Frameworks;
			sourceTree = "<group>";
		};
		E88EEA282304062500A3C612 = {
			isa = PBXGroup;
			children = (
				E88EEA332304062500A3C612 /* Weather App */,
				E88EEA482304062600A3C612 /* Weather AppTests */,
				E88EEA532304062600A3C612 /* Weather AppUITests */,
				E88EEA322304062500A3C612 /* Products */,
				13F44887D25C9FDF7639E54A /* Pods */,
				962D667186C600ED0A708A06 /* Frameworks */,
			);
			sourceTree = "<group>";
		};
		E88EEA322304062500A3C612 /* Products */ = {
			isa = PBXGroup;
			children = (
				E88EEA312304062500A3C612 /* Weather App.app */,
				E88EEA452304062600A3C612 /* Weather AppTests.xctest */,
				E88EEA502304062600A3C612 /* Weather AppUITests.xctest */,
			);
			name = Products;
			sourceTree = "<group>";
		};
		E88EEA332304062500A3C612 /* Weather App */ = {
			isa = PBXGroup;
			children = (
				E8AAE1872328E6F300446391 /* Services */,
				E8AAE1862328E6DA00446391 /* Models */,
				E8AAE1852328E6B900446391 /* ViewControllers */,
				E8AAE1832328E68A00446391 /* ViewModels */,
				E8AAE13C2327B49500446391 /* Cells */,
				E88EEA402304062600A3C612 /* Info.plist */,
				E88EEA342304062500A3C612 /* AppDelegate.swift */,
				E88EEA382304062500A3C612 /* Main.storyboard */,
				E88EEA3B2304062600A3C612 /* Assets.xcassets */,
				E8A5D53C230D519400484158 /* 01d.png */,
				E8A5D538230D519300484158 /* 01n.png */,
				E8A5D53B230D519300484158 /* 02d.png */,
				E8A5D533230D519200484158 /* 02n.png */,
				E8A5D53F230D519400484158 /* 03d.png */,
				E8A5D536230D519300484158 /* 03n.png */,
				E8A5D53E230D519400484158 /* 04d.png */,
				E8A5D52E230D519200484158 /* 04n.png */,
				E8A5D531230D519200484158 /* 09d.png */,
				E8A5D537230D519300484158 /* 09n.png */,
				E8A5D534230D519200484158 /* 10d.png */,
				E8A5D53A230D519300484158 /* 10n.png */,
				E8A5D539230D519300484158 /* 11d.png */,
				E8A5D52F230D519200484158 /* 11n.png */,
				E8A5D532230D519200484158 /* 13d.png */,
				E8A5D530230D519200484158 /* 13n.png */,
				E8A5D53D230D519400484158 /* 50d.png */,
				E8A5D535230D519300484158 /* 50n.png */,
				E88EEA3D2304062600A3C612 /* LaunchScreen.storyboard */,
			);
			path = "Weather App";
			sourceTree = "<group>";
		};
		E88EEA482304062600A3C612 /* Weather AppTests */ = {
			isa = PBXGroup;
			children = (
				E88EEA492304062600A3C612 /* Weather_AppTests.swift */,
				E88EEA4B2304062600A3C612 /* Info.plist */,
			);
			path = "Weather AppTests";
			sourceTree = "<group>";
		};
		E88EEA532304062600A3C612 /* Weather AppUITests */ = {
			isa = PBXGroup;
			children = (
				E88EEA542304062600A3C612 /* Weather_AppUITests.swift */,
				E88EEA562304062600A3C612 /* Info.plist */,
			);
			path = "Weather AppUITests";
			sourceTree = "<group>";
		};
		E8AAE13C2327B49500446391 /* Cells */ = {
			isa = PBXGroup;
			children = (
				E8AAE13D2327B4CF00446391 /* WeeklyWeatherCell.swift */,
				E8AAE13E2327B4CF00446391 /* WeeklyWeatherCell.xib */,
			);
			path = Cells;
			sourceTree = "<group>";
		};
		E8AAE1832328E68A00446391 /* ViewModels */ = {
			isa = PBXGroup;
			children = (
				E8AAE13223262D0E00446391 /* HomeViewModel.swift */,
				E8AAE18C2328F16A00446391 /* DayViewModel.swift */,
				E8AAE18E2328F17D00446391 /* WeekViewModel.swift */,
			);
			path = ViewModels;
			sourceTree = "<group>";
		};
		E8AAE1852328E6B900446391 /* ViewControllers */ = {
			isa = PBXGroup;
			children = (
				E88EEA362304062500A3C612 /* ViewController.swift */,
				E8AAE1382327700600446391 /* WeatherForecastViewController.swift */,
				E8AAE1882328E75000446391 /* DayViewController.swift */,
				E8AAE18A2328E76200446391 /* WeekViewController.swift */,
			);
			path = ViewControllers;
			sourceTree = "<group>";
		};
		E8AAE1862328E6DA00446391 /* Models */ = {
			isa = PBXGroup;
			children = (
				E8AAE13423262E2100446391 /* WeatherAppDataModel.swift */,
			);
			path = Models;
			sourceTree = "<group>";
		};
		E8AAE1872328E6F300446391 /* Services */ = {
			isa = PBXGroup;
			children = (
				E8AAE13623262EC600446391 /* WeatherAppServices.swift */,
			);
			path = Services;
			sourceTree = "<group>";
		};
/* End PBXGroup section */

/* Begin PBXNativeTarget section */
		E88EEA302304062500A3C612 /* Weather App */ = {
			isa = PBXNativeTarget;
			buildConfigurationList = E88EEA592304062600A3C612 /* Build configuration list for PBXNativeTarget "Weather App" */;
			buildPhases = (
				3291DA52BCBB1A36E343D7AD /* [CP] Check Pods Manifest.lock */,
				E88EEA2D2304062500A3C612 /* Sources */,
				E88EEA2E2304062500A3C612 /* Frameworks */,
				E88EEA2F2304062500A3C612 /* Resources */,
				EC227C6C28AA09FD0148BC92 /* [CP] Embed Pods Frameworks */,
			);
			buildRules = (
			);
			dependencies = (
			);
			name = "Weather App";
			productName = "Weather App";
			productReference = E88EEA312304062500A3C612 /* Weather App.app */;
			productType = "com.apple.product-type.application";
		};
		E88EEA442304062600A3C612 /* Weather AppTests */ = {
			isa = PBXNativeTarget;
			buildConfigurationList = E88EEA5C2304062600A3C612 /* Build configuration list for PBXNativeTarget "Weather AppTests" */;
			buildPhases = (
				31D04956C790AF95DC2649C7 /* [CP] Check Pods Manifest.lock */,
				E88EEA412304062600A3C612 /* Sources */,
				E88EEA422304062600A3C612 /* Frameworks */,
				E88EEA432304062600A3C612 /* Resources */,
				F1F24106F940CA0DD60A1F11 /* [CP] Embed Pods Frameworks */,
			);
			buildRules = (
			);
			dependencies = (
				E88EEA472304062600A3C612 /* PBXTargetDependency */,
			);
			name = "Weather AppTests";
			productName = "Weather AppTests";
			productReference = E88EEA452304062600A3C612 /* Weather AppTests.xctest */;
			productType = "com.apple.product-type.bundle.unit-test";
		};
		E88EEA4F2304062600A3C612 /* Weather AppUITests */ = {
			isa = PBXNativeTarget;
			buildConfigurationList = E88EEA5F2304062600A3C612 /* Build configuration list for PBXNativeTarget "Weather AppUITests" */;
			buildPhases = (
				CC533719D77F7CD7B6EBA48A /* [CP] Check Pods Manifest.lock */,
				E88EEA4C2304062600A3C612 /* Sources */,
				E88EEA4D2304062600A3C612 /* Frameworks */,
				E88EEA4E2304062600A3C612 /* Resources */,
				7F70BAC2F405F5A6DB2A880D /* [CP] Embed Pods Frameworks */,
			);
			buildRules = (
			);
			dependencies = (
				E88EEA522304062600A3C612 /* PBXTargetDependency */,
			);
			name = "Weather AppUITests";
			productName = "Weather AppUITests";
			productReference = E88EEA502304062600A3C612 /* Weather AppUITests.xctest */;
			productType = "com.apple.product-type.bundle.ui-testing";
		};
/* End PBXNativeTarget section */

/* Begin PBXProject section */
		E88EEA292304062500A3C612 /* Project object */ = {
			isa = PBXProject;
			attributes = {
				LastSwiftUpdateCheck = 1030;
				LastUpgradeCheck = 1030;
				ORGANIZATIONNAME = "Subodra Banik";
				TargetAttributes = {
					E88EEA302304062500A3C612 = {
						CreatedOnToolsVersion = 10.3;
					};
					E88EEA442304062600A3C612 = {
						CreatedOnToolsVersion = 10.3;
						TestTargetID = E88EEA302304062500A3C612;
					};
					E88EEA4F2304062600A3C612 = {
						CreatedOnToolsVersion = 10.3;
						TestTargetID = E88EEA302304062500A3C612;
					};
				};
			};
			buildConfigurationList = E88EEA2C2304062500A3C612 /* Build configuration list for PBXProject "Weather App" */;
			compatibilityVersion = "Xcode 9.3";
			developmentRegion = en;
			hasScannedForEncodings = 0;
			knownRegions = (
				en,
				Base,
			);
			mainGroup = E88EEA282304062500A3C612;
			productRefGroup = E88EEA322304062500A3C612 /* Products */;
			projectDirPath = "";
			projectRoot = "";
			targets = (
				E88EEA302304062500A3C612 /* Weather App */,
				E88EEA442304062600A3C612 /* Weather AppTests */,
				E88EEA4F2304062600A3C612 /* Weather AppUITests */,
			);
		};
/* End PBXProject section */

/* Begin PBXResourcesBuildPhase section */
		E88EEA2F2304062500A3C612 /* Resources */ = {
			isa = PBXResourcesBuildPhase;
			buildActionMask = 2147483647;
			files = (
				E8A5D551230D519400484158 /* 03d.png in Resources */,
				E8A5D542230D519400484158 /* 13n.png in Resources */,
				E8A5D540230D519400484158 /* 04n.png in Resources */,
				E8A5D544230D519400484158 /* 13d.png in Resources */,
				E8A5D548230D519400484158 /* 03n.png in Resources */,
				E88EEA3F2304062600A3C612 /* LaunchScreen.storyboard in Resources */,
				E8A5D54F230D519400484158 /* 50d.png in Resources */,
				E8A5D541230D519400484158 /* 11n.png in Resources */,
				E88EEA3C2304062600A3C612 /* Assets.xcassets in Resources */,
				E8A5D54A230D519400484158 /* 01n.png in Resources */,
				E8A5D547230D519400484158 /* 50n.png in Resources */,
				E8A5D550230D519400484158 /* 04d.png in Resources */,
				E8A5D54D230D519400484158 /* 02d.png in Resources */,
				E8A5D54C230D519400484158 /* 10n.png in Resources */,
				E8A5D549230D519400484158 /* 09n.png in Resources */,
				E8A5D545230D519400484158 /* 02n.png in Resources */,
				E8A5D543230D519400484158 /* 09d.png in Resources */,
				E8A5D54B230D519400484158 /* 11d.png in Resources */,
				E8A5D54E230D519400484158 /* 01d.png in Resources */,
				E8AAE1402327B4CF00446391 /* WeeklyWeatherCell.xib in Resources */,
				E88EEA3A2304062500A3C612 /* Main.storyboard in Resources */,
				E8A5D546230D519400484158 /* 10d.png in Resources */,
			);
			runOnlyForDeploymentPostprocessing = 0;
		};
		E88EEA432304062600A3C612 /* Resources */ = {
			isa = PBXResourcesBuildPhase;
			buildActionMask = 2147483647;
			files = (
			);
			runOnlyForDeploymentPostprocessing = 0;
		};
		E88EEA4E2304062600A3C612 /* Resources */ = {
			isa = PBXResourcesBuildPhase;
			buildActionMask = 2147483647;
			files = (
			);
			runOnlyForDeploymentPostprocessing = 0;
		};
/* End PBXResourcesBuildPhase section */

/* Begin PBXShellScriptBuildPhase section */
		31D04956C790AF95DC2649C7 /* [CP] Check Pods Manifest.lock */ = {
			isa = PBXShellScriptBuildPhase;
			buildActionMask = 2147483647;
			files = (
			);
			inputFileListPaths = (
			);
			inputPaths = (
				"${PODS_PODFILE_DIR_PATH}/Podfile.lock",
				"${PODS_ROOT}/Manifest.lock",
			);
			name = "[CP] Check Pods Manifest.lock";
			outputFileListPaths = (
			);
			outputPaths = (
				"$(DERIVED_FILE_DIR)/Pods-Weather AppTests-checkManifestLockResult.txt",
			);
			runOnlyForDeploymentPostprocessing = 0;
			shellPath = /bin/sh;
			shellScript = "diff \"${PODS_PODFILE_DIR_PATH}/Podfile.lock\" \"${PODS_ROOT}/Manifest.lock\" > /dev/null\nif [ $? != 0 ] ; then\n    # print error to STDERR\n    echo \"error: The sandbox is not in sync with the Podfile.lock. Run 'pod install' or update your CocoaPods installation.\" >&2\n    exit 1\nfi\n# This output is used by Xcode 'outputs' to avoid re-running this script phase.\necho \"SUCCESS\" > \"${SCRIPT_OUTPUT_FILE_0}\"\n";
			showEnvVarsInLog = 0;
		};
		3291DA52BCBB1A36E343D7AD /* [CP] Check Pods Manifest.lock */ = {
			isa = PBXShellScriptBuildPhase;
			buildActionMask = 2147483647;
			files = (
			);
			inputFileListPaths = (
			);
			inputPaths = (
				"${PODS_PODFILE_DIR_PATH}/Podfile.lock",
				"${PODS_ROOT}/Manifest.lock",
			);
			name = "[CP] Check Pods Manifest.lock";
			outputFileListPaths = (
			);
			outputPaths = (
				"$(DERIVED_FILE_DIR)/Pods-Weather App-checkManifestLockResult.txt",
			);
			runOnlyForDeploymentPostprocessing = 0;
			shellPath = /bin/sh;
			shellScript = "diff \"${PODS_PODFILE_DIR_PATH}/Podfile.lock\" \"${PODS_ROOT}/Manifest.lock\" > /dev/null\nif [ $? != 0 ] ; then\n    # print error to STDERR\n    echo \"error: The sandbox is not in sync with the Podfile.lock. Run 'pod install' or update your CocoaPods installation.\" >&2\n    exit 1\nfi\n# This output is used by Xcode 'outputs' to avoid re-running this script phase.\necho \"SUCCESS\" > \"${SCRIPT_OUTPUT_FILE_0}\"\n";
			showEnvVarsInLog = 0;
		};
		7F70BAC2F405F5A6DB2A880D /* [CP] Embed Pods Frameworks */ = {
			isa = PBXShellScriptBuildPhase;
			buildActionMask = 2147483647;
			files = (
			);
			inputFileListPaths = (
				"${PODS_ROOT}/Target Support Files/Pods-Weather AppUITests/Pods-Weather AppUITests-frameworks-${CONFIGURATION}-input-files.xcfilelist",
			);
			name = "[CP] Embed Pods Frameworks";
			outputFileListPaths = (
				"${PODS_ROOT}/Target Support Files/Pods-Weather AppUITests/Pods-Weather AppUITests-frameworks-${CONFIGURATION}-output-files.xcfilelist",
			);
			runOnlyForDeploymentPostprocessing = 0;
			shellPath = /bin/sh;
			shellScript = "\"${PODS_ROOT}/Target Support Files/Pods-Weather AppUITests/Pods-Weather AppUITests-frameworks.sh\"\n";
			showEnvVarsInLog = 0;
		};
		CC533719D77F7CD7B6EBA48A /* [CP] Check Pods Manifest.lock */ = {
			isa = PBXShellScriptBuildPhase;
			buildActionMask = 2147483647;
			files = (
			);
			inputFileListPaths = (
			);
			inputPaths = (
				"${PODS_PODFILE_DIR_PATH}/Podfile.lock",
				"${PODS_ROOT}/Manifest.lock",
			);
			name = "[CP] Check Pods Manifest.lock";
			outputFileListPaths = (
			);
			outputPaths = (
				"$(DERIVED_FILE_DIR)/Pods-Weather AppUITests-checkManifestLockResult.txt",
			);
			runOnlyForDeploymentPostprocessing = 0;
			shellPath = /bin/sh;
			shellScript = "diff \"${PODS_PODFILE_DIR_PATH}/Podfile.lock\" \"${PODS_ROOT}/Manifest.lock\" > /dev/null\nif [ $? != 0 ] ; then\n    # print error to STDERR\n    echo \"error: The sandbox is not in sync with the Podfile.lock. Run 'pod install' or update your CocoaPods installation.\" >&2\n    exit 1\nfi\n# This output is used by Xcode 'outputs' to avoid re-running this script phase.\necho \"SUCCESS\" > \"${SCRIPT_OUTPUT_FILE_0}\"\n";
			showEnvVarsInLog = 0;
		};
		EC227C6C28AA09FD0148BC92 /* [CP] Embed Pods Frameworks */ = {
			isa = PBXShellScriptBuildPhase;
			buildActionMask = 2147483647;
			files = (
			);
			inputFileListPaths = (
				"${PODS_ROOT}/Target Support Files/Pods-Weather App/Pods-Weather App-frameworks-${CONFIGURATION}-input-files.xcfilelist",
			);
			name = "[CP] Embed Pods Frameworks";
			outputFileListPaths = (
				"${PODS_ROOT}/Target Support Files/Pods-Weather App/Pods-Weather App-frameworks-${CONFIGURATION}-output-files.xcfilelist",
			);
			runOnlyForDeploymentPostprocessing = 0;
			shellPath = /bin/sh;
			shellScript = "\"${PODS_ROOT}/Target Support Files/Pods-Weather App/Pods-Weather App-frameworks.sh\"\n";
			showEnvVarsInLog = 0;
		};
		F1F24106F940CA0DD60A1F11 /* [CP] Embed Pods Frameworks */ = {
			isa = PBXShellScriptBuildPhase;
			buildActionMask = 2147483647;
			files = (
			);
			inputFileListPaths = (
				"${PODS_ROOT}/Target Support Files/Pods-Weather AppTests/Pods-Weather AppTests-frameworks-${CONFIGURATION}-input-files.xcfilelist",
			);
			name = "[CP] Embed Pods Frameworks";
			outputFileListPaths = (
				"${PODS_ROOT}/Target Support Files/Pods-Weather AppTests/Pods-Weather AppTests-frameworks-${CONFIGURATION}-output-files.xcfilelist",
			);
			runOnlyForDeploymentPostprocessing = 0;
			shellPath = /bin/sh;
			shellScript = "\"${PODS_ROOT}/Target Support Files/Pods-Weather AppTests/Pods-Weather AppTests-frameworks.sh\"\n";
			showEnvVarsInLog = 0;
		};
/* End PBXShellScriptBuildPhase section */

/* Begin PBXSourcesBuildPhase section */
		E88EEA2D2304062500A3C612 /* Sources */ = {
			isa = PBXSourcesBuildPhase;
			buildActionMask = 2147483647;
			files = (
				E8AAE18D2328F16A00446391 /* DayViewModel.swift in Sources */,
				E8AAE13723262EC600446391 /* WeatherAppServices.swift in Sources */,
				E88EEA372304062500A3C612 /* ViewController.swift in Sources */,
				E8AAE1892328E75000446391 /* DayViewController.swift in Sources */,
				E8AAE13323262D0E00446391 /* HomeViewModel.swift in Sources */,
				E8AAE18B2328E76200446391 /* WeekViewController.swift in Sources */,
				E8AAE18F2328F17D00446391 /* WeekViewModel.swift in Sources */,
				E8AAE1392327700600446391 /* WeatherForecastViewController.swift in Sources */,
				E8AAE13523262E2100446391 /* WeatherAppDataModel.swift in Sources */,
				E8AAE13F2327B4CF00446391 /* WeeklyWeatherCell.swift in Sources */,
				E88EEA352304062500A3C612 /* AppDelegate.swift in Sources */,
			);
			runOnlyForDeploymentPostprocessing = 0;
		};
		E88EEA412304062600A3C612 /* Sources */ = {
			isa = PBXSourcesBuildPhase;
			buildActionMask = 2147483647;
			files = (
				E88EEA4A2304062600A3C612 /* Weather_AppTests.swift in Sources */,
			);
			runOnlyForDeploymentPostprocessing = 0;
		};
		E88EEA4C2304062600A3C612 /* Sources */ = {
			isa = PBXSourcesBuildPhase;
			buildActionMask = 2147483647;
			files = (
				E88EEA552304062600A3C612 /* Weather_AppUITests.swift in Sources */,
			);
			runOnlyForDeploymentPostprocessing = 0;
		};
/* End PBXSourcesBuildPhase section */

/* Begin PBXTargetDependency section */
		E88EEA472304062600A3C612 /* PBXTargetDependency */ = {
			isa = PBXTargetDependency;
			target = E88EEA302304062500A3C612 /* Weather App */;
			targetProxy = E88EEA462304062600A3C612 /* PBXContainerItemProxy */;
		};
		E88EEA522304062600A3C612 /* PBXTargetDependency */ = {
			isa = PBXTargetDependency;
			target = E88EEA302304062500A3C612 /* Weather App */;
			targetProxy = E88EEA512304062600A3C612 /* PBXContainerItemProxy */;
		};
/* End PBXTargetDependency section */

/* Begin PBXVariantGroup section */
		E88EEA382304062500A3C612 /* Main.storyboard */ = {
			isa = PBXVariantGroup;
			children = (
				E88EEA392304062500A3C612 /* Base */,
			);
			name = Main.storyboard;
			sourceTree = "<group>";
		};
		E88EEA3D2304062600A3C612 /* LaunchScreen.storyboard */ = {
			isa = PBXVariantGroup;
			children = (
				E88EEA3E2304062600A3C612 /* Base */,
			);
			name = LaunchScreen.storyboard;
			sourceTree = "<group>";
		};
/* End PBXVariantGroup section */

/* Begin XCBuildConfiguration section */
		E88EEA572304062600A3C612 /* Debug */ = {
			isa = XCBuildConfiguration;
			buildSettings = {
				ALWAYS_SEARCH_USER_PATHS = NO;
				CLANG_ANALYZER_NONNULL = YES;
				CLANG_ANALYZER_NUMBER_OBJECT_CONVERSION = YES_AGGRESSIVE;
				CLANG_CXX_LANGUAGE_STANDARD = "gnu++14";
				CLANG_CXX_LIBRARY = "libc++";
				CLANG_ENABLE_MODULES = YES;
				CLANG_ENABLE_OBJC_ARC = YES;
				CLANG_ENABLE_OBJC_WEAK = YES;
				CLANG_WARN_BLOCK_CAPTURE_AUTORELEASING = YES;
				CLANG_WARN_BOOL_CONVERSION = YES;
				CLANG_WARN_COMMA = YES;
				CLANG_WARN_CONSTANT_CONVERSION = YES;
				CLANG_WARN_DEPRECATED_OBJC_IMPLEMENTATIONS = YES;
				CLANG_WARN_DIRECT_OBJC_ISA_USAGE = YES_ERROR;
				CLANG_WARN_DOCUMENTATION_COMMENTS = YES;
				CLANG_WARN_EMPTY_BODY = YES;
				CLANG_WARN_ENUM_CONVERSION = YES;
				CLANG_WARN_INFINITE_RECURSION = YES;
				CLANG_WARN_INT_CONVERSION = YES;
				CLANG_WARN_NON_LITERAL_NULL_CONVERSION = YES;
				CLANG_WARN_OBJC_IMPLICIT_RETAIN_SELF = YES;
				CLANG_WARN_OBJC_LITERAL_CONVERSION = YES;
				CLANG_WARN_OBJC_ROOT_CLASS = YES_ERROR;
				CLANG_WARN_RANGE_LOOP_ANALYSIS = YES;
				CLANG_WARN_STRICT_PROTOTYPES = YES;
				CLANG_WARN_SUSPICIOUS_MOVE = YES;
				CLANG_WARN_UNGUARDED_AVAILABILITY = YES_AGGRESSIVE;
				CLANG_WARN_UNREACHABLE_CODE = YES;
				CLANG_WARN__DUPLICATE_METHOD_MATCH = YES;
				CODE_SIGN_IDENTITY = "iPhone Developer";
				COPY_PHASE_STRIP = NO;
				DEBUG_INFORMATION_FORMAT = dwarf;
				ENABLE_STRICT_OBJC_MSGSEND = YES;
				ENABLE_TESTABILITY = YES;
				GCC_C_LANGUAGE_STANDARD = gnu11;
				GCC_DYNAMIC_NO_PIC = NO;
				GCC_NO_COMMON_BLOCKS = YES;
				GCC_OPTIMIZATION_LEVEL = 0;
				GCC_PREPROCESSOR_DEFINITIONS = (
					"DEBUG=1",
					"$(inherited)",
				);
				GCC_WARN_64_TO_32_BIT_CONVERSION = YES;
				GCC_WARN_ABOUT_RETURN_TYPE = YES_ERROR;
				GCC_WARN_UNDECLARED_SELECTOR = YES;
				GCC_WARN_UNINITIALIZED_AUTOS = YES_AGGRESSIVE;
				GCC_WARN_UNUSED_FUNCTION = YES;
				GCC_WARN_UNUSED_VARIABLE = YES;
				IPHONEOS_DEPLOYMENT_TARGET = 12.4;
				MTL_ENABLE_DEBUG_INFO = INCLUDE_SOURCE;
				MTL_FAST_MATH = YES;
				ONLY_ACTIVE_ARCH = YES;
				SDKROOT = iphoneos;
				SWIFT_ACTIVE_COMPILATION_CONDITIONS = DEBUG;
				SWIFT_OPTIMIZATION_LEVEL = "-Onone";
			};
			name = Debug;
		};
		E88EEA582304062600A3C612 /* Release */ = {
			isa = XCBuildConfiguration;
			buildSettings = {
				ALWAYS_SEARCH_USER_PATHS = NO;
				CLANG_ANALYZER_NONNULL = YES;
				CLANG_ANALYZER_NUMBER_OBJECT_CONVERSION = YES_AGGRESSIVE;
				CLANG_CXX_LANGUAGE_STANDARD = "gnu++14";
				CLANG_CXX_LIBRARY = "libc++";
				CLANG_ENABLE_MODULES = YES;
				CLANG_ENABLE_OBJC_ARC = YES;
				CLANG_ENABLE_OBJC_WEAK = YES;
				CLANG_WARN_BLOCK_CAPTURE_AUTORELEASING = YES;
				CLANG_WARN_BOOL_CONVERSION = YES;
				CLANG_WARN_COMMA = YES;
				CLANG_WARN_CONSTANT_CONVERSION = YES;
				CLANG_WARN_DEPRECATED_OBJC_IMPLEMENTATIONS = YES;
				CLANG_WARN_DIRECT_OBJC_ISA_USAGE = YES_ERROR;
				CLANG_WARN_DOCUMENTATION_COMMENTS = YES;
				CLANG_WARN_EMPTY_BODY = YES;
				CLANG_WARN_ENUM_CONVERSION = YES;
				CLANG_WARN_INFINITE_RECURSION = YES;
				CLANG_WARN_INT_CONVERSION = YES;
				CLANG_WARN_NON_LITERAL_NULL_CONVERSION = YES;
				CLANG_WARN_OBJC_IMPLICIT_RETAIN_SELF = YES;
				CLANG_WARN_OBJC_LITERAL_CONVERSION = YES;
				CLANG_WARN_OBJC_ROOT_CLASS = YES_ERROR;
				CLANG_WARN_RANGE_LOOP_ANALYSIS = YES;
				CLANG_WARN_STRICT_PROTOTYPES = YES;
				CLANG_WARN_SUSPICIOUS_MOVE = YES;
				CLANG_WARN_UNGUARDED_AVAILABILITY = YES_AGGRESSIVE;
				CLANG_WARN_UNREACHABLE_CODE = YES;
				CLANG_WARN__DUPLICATE_METHOD_MATCH = YES;
				CODE_SIGN_IDENTITY = "iPhone Developer";
				COPY_PHASE_STRIP = NO;
				DEBUG_INFORMATION_FORMAT = "dwarf-with-dsym";
				ENABLE_NS_ASSERTIONS = NO;
				ENABLE_STRICT_OBJC_MSGSEND = YES;
				GCC_C_LANGUAGE_STANDARD = gnu11;
				GCC_NO_COMMON_BLOCKS = YES;
				GCC_WARN_64_TO_32_BIT_CONVERSION = YES;
				GCC_WARN_ABOUT_RETURN_TYPE = YES_ERROR;
				GCC_WARN_UNDECLARED_SELECTOR = YES;
				GCC_WARN_UNINITIALIZED_AUTOS = YES_AGGRESSIVE;
				GCC_WARN_UNUSED_FUNCTION = YES;
				GCC_WARN_UNUSED_VARIABLE = YES;
				IPHONEOS_DEPLOYMENT_TARGET = 12.4;
				MTL_ENABLE_DEBUG_INFO = NO;
				MTL_FAST_MATH = YES;
				SDKROOT = iphoneos;
				SWIFT_COMPILATION_MODE = wholemodule;
				SWIFT_OPTIMIZATION_LEVEL = "-O";
				VALIDATE_PRODUCT = YES;
			};
			name = Release;
		};
		E88EEA5A2304062600A3C612 /* Debug */ = {
			isa = XCBuildConfiguration;
			baseConfigurationReference = 0CAF24CF084E7375EB3397BB /* Pods-Weather App.debug.xcconfig */;
			buildSettings = {
				ASSETCATALOG_COMPILER_APPICON_NAME = AppIcon;
				CODE_SIGN_STYLE = Automatic;
				INFOPLIST_FILE = "Weather App/Info.plist";
				LD_RUNPATH_SEARCH_PATHS = (
					"$(inherited)",
					"@executable_path/Frameworks",
				);
				PRODUCT_BUNDLE_IDENTIFIER = "com.test.Weather-App";
				PRODUCT_NAME = "$(TARGET_NAME)";
				SWIFT_VERSION = 5.0;
				TARGETED_DEVICE_FAMILY = "1,2";
			};
			name = Debug;
		};
		E88EEA5B2304062600A3C612 /* Release */ = {
			isa = XCBuildConfiguration;
			baseConfigurationReference = C8319328AA2A86D9E2F94E3D /* Pods-Weather App.release.xcconfig */;
			buildSettings = {
				ASSETCATALOG_COMPILER_APPICON_NAME = AppIcon;
				CODE_SIGN_STYLE = Automatic;
				INFOPLIST_FILE = "Weather App/Info.plist";
				LD_RUNPATH_SEARCH_PATHS = (
					"$(inherited)",
					"@executable_path/Frameworks",
				);
				PRODUCT_BUNDLE_IDENTIFIER = "com.test.Weather-App";
				PRODUCT_NAME = "$(TARGET_NAME)";
				SWIFT_VERSION = 5.0;
				TARGETED_DEVICE_FAMILY = "1,2";
			};
			name = Release;
		};
		E88EEA5D2304062600A3C612 /* Debug */ = {
			isa = XCBuildConfiguration;
			baseConfigurationReference = 3FAA638B4DB19B9F18CF602A /* Pods-Weather AppTests.debug.xcconfig */;
			buildSettings = {
				ALWAYS_EMBED_SWIFT_STANDARD_LIBRARIES = YES;
				BUNDLE_LOADER = "$(TEST_HOST)";
				CODE_SIGN_STYLE = Automatic;
				INFOPLIST_FILE = "Weather AppTests/Info.plist";
				LD_RUNPATH_SEARCH_PATHS = (
					"$(inherited)",
					"@executable_path/Frameworks",
					"@loader_path/Frameworks",
				);
				PRODUCT_BUNDLE_IDENTIFIER = "com.test.Weather-AppTests";
				PRODUCT_NAME = "$(TARGET_NAME)";
				SWIFT_VERSION = 5.0;
				TARGETED_DEVICE_FAMILY = "1,2";
				TEST_HOST = "$(BUILT_PRODUCTS_DIR)/Weather App.app/Weather App";
			};
			name = Debug;
		};
		E88EEA5E2304062600A3C612 /* Release */ = {
			isa = XCBuildConfiguration;
			baseConfigurationReference = 54AC44379B2889E50BAA78E8 /* Pods-Weather AppTests.release.xcconfig */;
			buildSettings = {
				ALWAYS_EMBED_SWIFT_STANDARD_LIBRARIES = YES;
				BUNDLE_LOADER = "$(TEST_HOST)";
				CODE_SIGN_STYLE = Automatic;
				INFOPLIST_FILE = "Weather AppTests/Info.plist";
				LD_RUNPATH_SEARCH_PATHS = (
					"$(inherited)",
					"@executable_path/Frameworks",
					"@loader_path/Frameworks",
				);
				PRODUCT_BUNDLE_IDENTIFIER = "com.test.Weather-AppTests";
				PRODUCT_NAME = "$(TARGET_NAME)";
				SWIFT_VERSION = 5.0;
				TARGETED_DEVICE_FAMILY = "1,2";
				TEST_HOST = "$(BUILT_PRODUCTS_DIR)/Weather App.app/Weather App";
			};
			name = Release;
		};
		E88EEA602304062600A3C612 /* Debug */ = {
			isa = XCBuildConfiguration;
			baseConfigurationReference = C11B87315A7D1408C366D6B4 /* Pods-Weather AppUITests.debug.xcconfig */;
			buildSettings = {
				ALWAYS_EMBED_SWIFT_STANDARD_LIBRARIES = YES;
				CODE_SIGN_STYLE = Automatic;
				INFOPLIST_FILE = "Weather AppUITests/Info.plist";
				LD_RUNPATH_SEARCH_PATHS = (
					"$(inherited)",
					"@executable_path/Frameworks",
					"@loader_path/Frameworks",
				);
				PRODUCT_BUNDLE_IDENTIFIER = "com.test.Weather-AppUITests";
				PRODUCT_NAME = "$(TARGET_NAME)";
				SWIFT_VERSION = 5.0;
				TARGETED_DEVICE_FAMILY = "1,2";
				TEST_TARGET_NAME = "Weather App";
			};
			name = Debug;
		};
		E88EEA612304062600A3C612 /* Release */ = {
			isa = XCBuildConfiguration;
			baseConfigurationReference = FDB60837966A83C609F42C8F /* Pods-Weather AppUITests.release.xcconfig */;
			buildSettings = {
				ALWAYS_EMBED_SWIFT_STANDARD_LIBRARIES = YES;
				CODE_SIGN_STYLE = Automatic;
				INFOPLIST_FILE = "Weather AppUITests/Info.plist";
				LD_RUNPATH_SEARCH_PATHS = (
					"$(inherited)",
					"@executable_path/Frameworks",
					"@loader_path/Frameworks",
				);
				PRODUCT_BUNDLE_IDENTIFIER = "com.test.Weather-AppUITests";
				PRODUCT_NAME = "$(TARGET_NAME)";
				SWIFT_VERSION = 5.0;
				TARGETED_DEVICE_FAMILY = "1,2";
				TEST_TARGET_NAME = "Weather App";
			};
			name = Release;
		};
/* End XCBuildConfiguration section */

/* Begin XCConfigurationList section */
		E88EEA2C2304062500A3C612 /* Build configuration list for PBXProject "Weather App" */ = {
			isa = XCConfigurationList;
			buildConfigurations = (
				E88EEA572304062600A3C612 /* Debug */,
				E88EEA582304062600A3C612 /* Release */,
			);
			defaultConfigurationIsVisible = 0;
			defaultConfigurationName = Release;
		};
		E88EEA592304062600A3C612 /* Build configuration list for PBXNativeTarget "Weather App" */ = {
			isa = XCConfigurationList;
			buildConfigurations = (
				E88EEA5A2304062600A3C612 /* Debug */,
				E88EEA5B2304062600A3C612 /* Release */,
			);
			defaultConfigurationIsVisible = 0;
			defaultConfigurationName = Release;
		};
		E88EEA5C2304062600A3C612 /* Build configuration list for PBXNativeTarget "Weather AppTests" */ = {
			isa = XCConfigurationList;
			buildConfigurations = (
				E88EEA5D2304062600A3C612 /* Debug */,
				E88EEA5E2304062600A3C612 /* Release */,
			);
			defaultConfigurationIsVisible = 0;
			defaultConfigurationName = Release;
		};
		E88EEA5F2304062600A3C612 /* Build configuration list for PBXNativeTarget "Weather AppUITests" */ = {
			isa = XCConfigurationList;
			buildConfigurations = (
				E88EEA602304062600A3C612 /* Debug */,
				E88EEA612304062600A3C612 /* Release */,
			);
			defaultConfigurationIsVisible = 0;
			defaultConfigurationName = Release;
		};
/* End XCConfigurationList section */
	};
	rootObject = E88EEA292304062500A3C612 /* Project object */;
}
